// !$*UTF8*$!
{
	archiveVersion = 1;
	classes = {
	};
	objectVersion = 56;
	objects = {

/* Begin PBXFileReference section */
		001 /* MacroRecorderApp.swift */ = {isa = PBXFileReference; lastKnownFileType = sourcecode.swift; path = MacroRecorderApp.swift; sourceTree = "<group>"; };
		002 /* MacroEvent.swift */ = {isa = PBXFileReference; lastKnownFileType = sourcecode.swift; path = MacroEvent.swift; sourceTree = "<group>"; };
		018 /* HotkeyConfig.swift */ = {isa = PBXFileReference; lastKnownFileType = sourcecode.swift; path = HotkeyConfig.swift; sourceTree = "<group>"; };
		019 /* DelayConfig.swift */ = {isa = PBXFileReference; lastKnownFileType = sourcecode.swift; path = DelayConfig.swift; sourceTree = "<group>"; };
		020 /* MacroVariable.swift */ = {isa = PBXFileReference; lastKnownFileType = sourcecode.swift; path = MacroVariable.swift; sourceTree = "<group>"; };
		021 /* VariableManager.swift */ = {isa = PBXFileReference; lastKnownFileType = sourcecode.swift; path = VariableManager.swift; sourceTree = "<group>"; };
		022 /* DelayEditorView.swift */ = {isa = PBXFileReference; lastKnownFileType = sourcecode.swift; path = DelayEditorView.swift; sourceTree = "<group>"; };
		023 /* VariablesPanelView.swift */ = {isa = PBXFileReference; lastKnownFileType = sourcecode.swift; path = VariablesPanelView.swift; sourceTree = "<group>"; };
		024 /* InteractiveTimelineView.swift */ = {isa = PBXFileReference; lastKnownFileType = sourcecode.swift; path = InteractiveTimelineView.swift; sourceTree = "<group>"; };
		025 /* TimelinePopoverView.swift */ = {isa = PBXFileReference; lastKnownFileType = sourcecode.swift; path = TimelinePopoverView.swift; sourceTree = "<group>"; };
		026 /* Condition.swift */ = {isa = PBXFileReference; lastKnownFileType = sourcecode.swift; path = Condition.swift; sourceTree = "<group>"; };
		027 /* ImageTemplate.swift */ = {isa = PBXFileReference; lastKnownFileType = sourcecode.swift; path = ImageTemplate.swift; sourceTree = "<group>"; };
		028 /* MacroTemplate.swift */ = {isa = PBXFileReference; lastKnownFileType = sourcecode.swift; path = MacroTemplate.swift; sourceTree = "<group>"; };
		029 /* CloudMacro.swift */ = {isa = PBXFileReference; lastKnownFileType = sourcecode.swift; path = CloudMacro.swift; sourceTree = "<group>"; };
		030 /* AppleScriptExecutor.swift */ = {isa = PBXFileReference; lastKnownFileType = sourcecode.swift; path = AppleScriptExecutor.swift; sourceTree = "<group>"; };
		031 /* ConditionEvaluator.swift */ = {isa = PBXFileReference; lastKnownFileType = sourcecode.swift; path = ConditionEvaluator.swift; sourceTree = "<group>"; };
		032 /* ImageMatcher.swift */ = {isa = PBXFileReference; lastKnownFileType = sourcecode.swift; path = ImageMatcher.swift; sourceTree = "<group>"; };
		033 /* ImageTemplateManager.swift */ = {isa = PBXFileReference; lastKnownFileType = sourcecode.swift; path = ImageTemplateManager.swift; sourceTree = "<group>"; };
		034 /* CloudSyncService.swift */ = {isa = PBXFileReference; lastKnownFileType = sourcecode.swift; path = CloudSyncService.swift; sourceTree = "<group>"; };
		035 /* AppleScriptEditorView.swift */ = {isa = PBXFileReference; lastKnownFileType = sourcecode.swift; path = AppleScriptEditorView.swift; sourceTree = "<group>"; };
		036 /* ExportScriptView.swift */ = {isa = PBXFileReference; lastKnownFileType = sourcecode.swift; path = ExportScriptView.swift; sourceTree = "<group>"; };
		037 /* ConditionEditorView.swift */ = {isa = PBXFileReference; lastKnownFileType = sourcecode.swift; path = ConditionEditorView.swift; sourceTree = "<group>"; };
		038 /* ImageCaptureView.swift */ = {isa = PBXFileReference; lastKnownFileType = sourcecode.swift; path = ImageCaptureView.swift; sourceTree = "<group>"; };
		039 /* ImageTemplateLibraryView.swift */ = {isa = PBXFileReference; lastKnownFileType = sourcecode.swift; path = ImageTemplateLibraryView.swift; sourceTree = "<group>"; };
		040 /* TemplateBrowserView.swift */ = {isa = PBXFileReference; lastKnownFileType = sourcecode.swift; path = TemplateBrowserView.swift; sourceTree = "<group>"; };
		041 /* TemplateCreatorView.swift */ = {isa = PBXFileReference; lastKnownFileType = sourcecode.swift; path = TemplateCreatorView.swift; sourceTree = "<group>"; };
		042 /* CloudSyncSettingsView.swift */ = {isa = PBXFileReference; lastKnownFileType = sourcecode.swift; path = CloudSyncSettingsView.swift; sourceTree = "<group>"; };
		003 /* EventRecorder.swift */ = {isa = PBXFileReference; lastKnownFileType = sourcecode.swift; path = EventRecorder.swift; sourceTree = "<group>"; };
		004 /* EventPlayer.swift */ = {isa = PBXFileReference; lastKnownFileType = sourcecode.swift; path = EventPlayer.swift; sourceTree = "<group>"; };
		005 /* MacroSession.swift */ = {isa = PBXFileReference; lastKnownFileType = sourcecode.swift; path = MacroSession.swift; sourceTree = "<group>"; };
		006 /* HotkeyManager.swift */ = {isa = PBXFileReference; lastKnownFileType = sourcecode.swift; path = HotkeyManager.swift; sourceTree = "<group>"; };
		007 /* ContentView.swift */ = {isa = PBXFileReference; lastKnownFileType = sourcecode.swift; path = ContentView.swift; sourceTree = "<group>"; };
		008 /* ControlsView.swift */ = {isa = PBXFileReference; lastKnownFileType = sourcecode.swift; path = ControlsView.swift; sourceTree = "<group>"; };
		009 /* EventListView.swift */ = {isa = PBXFileReference; lastKnownFileType = sourcecode.swift; path = EventListView.swift; sourceTree = "<group>"; };
		010 /* EventEditorView.swift */ = {isa = PBXFileReference; lastKnownFileType = sourcecode.swift; path = EventEditorView.swift; sourceTree = "<group>"; };
		011 /* MacroListView.swift */ = {isa = PBXFileReference; lastKnownFileType = sourcecode.swift; path = MacroListView.swift; sourceTree = "<group>"; };
		012 /* StatusBarView.swift */ = {isa = PBXFileReference; lastKnownFileType = sourcecode.swift; path = StatusBarView.swift; sourceTree = "<group>"; };
		013 /* PreferencesView.swift */ = {isa = PBXFileReference; lastKnownFileType = sourcecode.swift; path = PreferencesView.swift; sourceTree = "<group>"; };
		014 /* KeybindCaptureView.swift */ = {isa = PBXFileReference; lastKnownFileType = sourcecode.swift; path = KeybindCaptureView.swift; sourceTree = "<group>"; };
		017 /* StatusOverlayView.swift */ = {isa = PBXFileReference; lastKnownFileType = sourcecode.swift; path = StatusOverlayView.swift; sourceTree = "<group>"; };
		015 /* Info.plist */ = {isa = PBXFileReference; lastKnownFileType = text.plist.xml; path = Info.plist; sourceTree = "<group>"; };
		016 /* MacroRecorder.app */ = {isa = PBXFileReference; explicitFileType = wrapper.application; includeInIndex = 0; path = MacroRecorder.app; sourceTree = BUILT_PRODUCTS_DIR; };
		A1B2C3D4E5F601 /* WindowDetector.swift */ = {isa = PBXFileReference; lastKnownFileType = sourcecode.swift; name = WindowDetector.swift; path = MacroRecorder/Services/WindowDetector.swift; sourceTree = "<group>"; };
		A1B2C3D4E5F603 /* WindowPickerView.swift */ = {isa = PBXFileReference; lastKnownFileType = sourcecode.swift; name = WindowPickerView.swift; path = MacroRecorder/Views/WindowPickerView.swift; sourceTree = "<group>"; };
		B1C2D3E4F5G601 /* CGEvent+Extensions.swift */ = {isa = PBXFileReference; lastKnownFileType = sourcecode.swift; name = "CGEvent+Extensions.swift"; path = "MacroRecorder/Extensions/CGEvent+Extensions.swift"; sourceTree = "<group>"; };
/* End PBXFileReference section */

/* Begin PBXGroup section */
		100 = {
			isa = PBXGroup;
			children = (
				101 /* MacroRecorder */,
				102 /* Products */,
			);
			sourceTree = "<group>";
		};
		101 /* MacroRecorder */ = {
			isa = PBXGroup;
			children = (
				001 /* MacroRecorderApp.swift */,
				015 /* Info.plist */,
				103 /* Models */,
				104 /* Services */,
				105 /* Views */,
				106 /* Resources */,
			);
			path = MacroRecorder;
			sourceTree = "<group>";
		};
		102 /* Products */ = {
			isa = PBXGroup;
			children = (
				016 /* MacroRecorder.app */,
			);
			name = Products;
			sourceTree = "<group>";
		};
		103 /* Models */ = {
			isa = PBXGroup;
			children = (
				002 /* MacroEvent.swift */,
				018 /* HotkeyConfig.swift */,
				019 /* DelayConfig.swift */,
				020 /* MacroVariable.swift */,
				026 /* Condition.swift */,
				027 /* ImageTemplate.swift */,
				028 /* MacroTemplate.swift */,
				029 /* CloudMacro.swift */,
			);
			path = Models;
			sourceTree = "<group>";
		};
		104 /* Services */ = {
			isa = PBXGroup;
			children = (
				003 /* EventRecorder.swift */,
				004 /* EventPlayer.swift */,
				005 /* MacroSession.swift */,
				006 /* HotkeyManager.swift */,
				021 /* VariableManager.swift */,
				030 /* AppleScriptExecutor.swift */,
				031 /* ConditionEvaluator.swift */,
				032 /* ImageMatcher.swift */,
				033 /* ImageTemplateManager.swift */,
				034 /* CloudSyncService.swift */,
			);
			path = Services;
			sourceTree = "<group>";
		};
		105 /* Views */ = {
			isa = PBXGroup;
			children = (
				007 /* ContentView.swift */,
				008 /* ControlsView.swift */,
				009 /* EventListView.swift */,
				010 /* EventEditorView.swift */,
				011 /* MacroListView.swift */,
				012 /* StatusBarView.swift */,
				017 /* StatusOverlayView.swift */,
				013 /* PreferencesView.swift */,
				014 /* KeybindCaptureView.swift */,
				022 /* DelayEditorView.swift */,
				023 /* VariablesPanelView.swift */,
				024 /* InteractiveTimelineView.swift */,
				025 /* TimelinePopoverView.swift */,
				035 /* AppleScriptEditorView.swift */,
				036 /* ExportScriptView.swift */,
				037 /* ConditionEditorView.swift */,
				038 /* ImageCaptureView.swift */,
				039 /* ImageTemplateLibraryView.swift */,
				040 /* TemplateBrowserView.swift */,
				041 /* TemplateCreatorView.swift */,
				042 /* CloudSyncSettingsView.swift */,
			);
			path = Views;
			sourceTree = "<group>";
		};
		106 /* Resources */ = {
			isa = PBXGroup;
			children = (
			);
			path = Resources;
			sourceTree = "<group>";
		};
/* End PBXGroup section */

/* Begin PBXNativeTarget section */
		200 /* MacroRecorder */ = {
			isa = PBXNativeTarget;
			buildConfigurationList = 201;
			buildPhases = (
				202 /* Sources */,
				203 /* Frameworks */,
				204 /* Resources */,
			);
			buildRules = (
			);
			dependencies = (
			);
			name = MacroRecorder;
			productName = MacroRecorder;
			productReference = 016 /* MacroRecorder.app */;
			productType = "com.apple.product-type.application";
		};
/* End PBXNativeTarget section */

/* Begin PBXProject section */
		300 /* Project object */ = {
			isa = PBXProject;
			attributes = {
				BuildIndependentTargetsInParallel = 1;
				LastSwiftUpdateCheck = 1500;
				LastUpgradeCheck = 1500;
				TargetAttributes = {
					200 = {
						CreatedOnToolsVersion = 15.0;
					};
				};
			};
			buildConfigurationList = 301;
			compatibilityVersion = "Xcode 14.0";
			developmentRegion = en;
			hasScannedForEncodings = 0;
			knownRegions = (
				en,
				Base,
			);
			mainGroup = 100;
			productRefGroup = 102 /* Products */;
			projectDirPath = "";
			projectRoot = "";
			targets = (
				200 /* MacroRecorder */,
			);
		};
/* End PBXProject section */

/* Begin PBXBuildFile section */
		501 /* MacroRecorderApp.swift in Sources */ = {isa = PBXBuildFile; fileRef = 001 /* MacroRecorderApp.swift */; };
		502 /* MacroEvent.swift in Sources */ = {isa = PBXBuildFile; fileRef = 002 /* MacroEvent.swift */; };
		515 /* HotkeyConfig.swift in Sources */ = {isa = PBXBuildFile; fileRef = 018 /* HotkeyConfig.swift */; };
		503 /* EventRecorder.swift in Sources */ = {isa = PBXBuildFile; fileRef = 003 /* EventRecorder.swift */; };
		504 /* EventPlayer.swift in Sources */ = {isa = PBXBuildFile; fileRef = 004 /* EventPlayer.swift */; };
		505 /* MacroSession.swift in Sources */ = {isa = PBXBuildFile; fileRef = 005 /* MacroSession.swift */; };
		506 /* HotkeyManager.swift in Sources */ = {isa = PBXBuildFile; fileRef = 006 /* HotkeyManager.swift */; };
		507 /* ContentView.swift in Sources */ = {isa = PBXBuildFile; fileRef = 007 /* ContentView.swift */; };
		508 /* ControlsView.swift in Sources */ = {isa = PBXBuildFile; fileRef = 008 /* ControlsView.swift */; };
		509 /* EventListView.swift in Sources */ = {isa = PBXBuildFile; fileRef = 009 /* EventListView.swift */; };
		510 /* EventEditorView.swift in Sources */ = {isa = PBXBuildFile; fileRef = 010 /* EventEditorView.swift */; };
		511 /* MacroListView.swift in Sources */ = {isa = PBXBuildFile; fileRef = 011 /* MacroListView.swift */; };
		512 /* StatusBarView.swift in Sources */ = {isa = PBXBuildFile; fileRef = 012 /* StatusBarView.swift */; };
		514 /* StatusOverlayView.swift in Sources */ = {isa = PBXBuildFile; fileRef = 017 /* StatusOverlayView.swift */; };
		513 /* PreferencesView.swift in Sources */ = {isa = PBXBuildFile; fileRef = 013 /* PreferencesView.swift */; };
		516 /* KeybindCaptureView.swift in Sources */ = {isa = PBXBuildFile; fileRef = 014 /* KeybindCaptureView.swift */; };
		517 /* DelayConfig.swift in Sources */ = {isa = PBXBuildFile; fileRef = 019 /* DelayConfig.swift */; };
		518 /* MacroVariable.swift in Sources */ = {isa = PBXBuildFile; fileRef = 020 /* MacroVariable.swift */; };
		519 /* VariableManager.swift in Sources */ = {isa = PBXBuildFile; fileRef = 021 /* VariableManager.swift */; };
		520 /* DelayEditorView.swift in Sources */ = {isa = PBXBuildFile; fileRef = 022 /* DelayEditorView.swift */; };
		521 /* VariablesPanelView.swift in Sources */ = {isa = PBXBuildFile; fileRef = 023 /* VariablesPanelView.swift */; };
		522 /* InteractiveTimelineView.swift in Sources */ = {isa = PBXBuildFile; fileRef = 024 /* InteractiveTimelineView.swift */; };
		523 /* TimelinePopoverView.swift in Sources */ = {isa = PBXBuildFile; fileRef = 025 /* TimelinePopoverView.swift */; };
		524 /* Condition.swift in Sources */ = {isa = PBXBuildFile; fileRef = 026 /* Condition.swift */; };
		525 /* ImageTemplate.swift in Sources */ = {isa = PBXBuildFile; fileRef = 027 /* ImageTemplate.swift */; };
		526 /* MacroTemplate.swift in Sources */ = {isa = PBXBuildFile; fileRef = 028 /* MacroTemplate.swift */; };
		527 /* CloudMacro.swift in Sources */ = {isa = PBXBuildFile; fileRef = 029 /* CloudMacro.swift */; };
		528 /* AppleScriptExecutor.swift in Sources */ = {isa = PBXBuildFile; fileRef = 030 /* AppleScriptExecutor.swift */; };
		529 /* ConditionEvaluator.swift in Sources */ = {isa = PBXBuildFile; fileRef = 031 /* ConditionEvaluator.swift */; };
		530 /* ImageMatcher.swift in Sources */ = {isa = PBXBuildFile; fileRef = 032 /* ImageMatcher.swift */; };
		531 /* ImageTemplateManager.swift in Sources */ = {isa = PBXBuildFile; fileRef = 033 /* ImageTemplateManager.swift */; };
		532 /* CloudSyncService.swift in Sources */ = {isa = PBXBuildFile; fileRef = 034 /* CloudSyncService.swift */; };
		533 /* AppleScriptEditorView.swift in Sources */ = {isa = PBXBuildFile; fileRef = 035 /* AppleScriptEditorView.swift */; };
		534 /* ExportScriptView.swift in Sources */ = {isa = PBXBuildFile; fileRef = 036 /* ExportScriptView.swift */; };
		535 /* ConditionEditorView.swift in Sources */ = {isa = PBXBuildFile; fileRef = 037 /* ConditionEditorView.swift */; };
		536 /* ImageCaptureView.swift in Sources */ = {isa = PBXBuildFile; fileRef = 038 /* ImageCaptureView.swift */; };
		537 /* ImageTemplateLibraryView.swift in Sources */ = {isa = PBXBuildFile; fileRef = 039 /* ImageTemplateLibraryView.swift */; };
		538 /* TemplateBrowserView.swift in Sources */ = {isa = PBXBuildFile; fileRef = 040 /* TemplateBrowserView.swift */; };
		539 /* TemplateCreatorView.swift in Sources */ = {isa = PBXBuildFile; fileRef = 041 /* TemplateCreatorView.swift */; };
		540 /* CloudSyncSettingsView.swift in Sources */ = {isa = PBXBuildFile; fileRef = 042 /* CloudSyncSettingsView.swift */; };
		A1B2C3D4E5F602 /* WindowDetector.swift in Sources */ = {isa = PBXBuildFile; fileRef = A1B2C3D4E5F601 /* WindowDetector.swift */; };
		A1B2C3D4E5F604 /* WindowPickerView.swift in Sources */ = {isa = PBXBuildFile; fileRef = A1B2C3D4E5F603 /* WindowPickerView.swift */; };
		B1C2D3E4F5G602 /* CGEvent+Extensions.swift in Sources */ = {isa = PBXBuildFile; fileRef = B1C2D3E4F5G601 /* CGEvent+Extensions.swift */; };
/* End PBXBuildFile section */

/* Begin PBXSourcesBuildPhase section */
		202 /* Sources */ = {
			isa = PBXSourcesBuildPhase;
			buildActionMask = 2147483647;
			files = (
				501 /* MacroRecorderApp.swift in Sources */,
				502 /* MacroEvent.swift in Sources */,
				515 /* HotkeyConfig.swift in Sources */,
				503 /* EventRecorder.swift in Sources */,
				504 /* EventPlayer.swift in Sources */,
				505 /* MacroSession.swift in Sources */,
				506 /* HotkeyManager.swift in Sources */,
				507 /* ContentView.swift in Sources */,
				508 /* ControlsView.swift in Sources */,
				509 /* EventListView.swift in Sources */,
				510 /* EventEditorView.swift in Sources */,
				511 /* MacroListView.swift in Sources */,
				512 /* StatusBarView.swift in Sources */,
				514 /* StatusOverlayView.swift in Sources */,
				513 /* PreferencesView.swift in Sources */,
				516 /* KeybindCaptureView.swift in Sources */,
				517 /* DelayConfig.swift in Sources */,
				518 /* MacroVariable.swift in Sources */,
				519 /* VariableManager.swift in Sources */,
				520 /* DelayEditorView.swift in Sources */,
				521 /* VariablesPanelView.swift in Sources */,
				522 /* InteractiveTimelineView.swift in Sources */,
				523 /* TimelinePopoverView.swift in Sources */,
				524 /* Condition.swift in Sources */,
				525 /* ImageTemplate.swift in Sources */,
				526 /* MacroTemplate.swift in Sources */,
				527 /* CloudMacro.swift in Sources */,
				528 /* AppleScriptExecutor.swift in Sources */,
				529 /* ConditionEvaluator.swift in Sources */,
				530 /* ImageMatcher.swift in Sources */,
				531 /* ImageTemplateManager.swift in Sources */,
				532 /* CloudSyncService.swift in Sources */,
				533 /* AppleScriptEditorView.swift in Sources */,
				534 /* ExportScriptView.swift in Sources */,
				535 /* ConditionEditorView.swift in Sources */,
				536 /* ImageCaptureView.swift in Sources */,
				537 /* ImageTemplateLibraryView.swift in Sources */,
				538 /* TemplateBrowserView.swift in Sources */,
				539 /* TemplateCreatorView.swift in Sources */,
				540 /* CloudSyncSettingsView.swift in Sources */,
				A1B2C3D4E5F602 /* WindowDetector.swift in Sources */,
				A1B2C3D4E5F604 /* WindowPickerView.swift in Sources */,
				B1C2D3E4F5G602 /* CGEvent+Extensions.swift in Sources */,);
			runOnlyForDeploymentPostprocessing = 0;
		};
/* End PBXSourcesBuildPhase section */

/* Begin PBXFrameworksBuildPhase section */
		203 /* Frameworks */ = {
			isa = PBXFrameworksBuildPhase;
			buildActionMask = 2147483647;
			files = (
			);
			runOnlyForDeploymentPostprocessing = 0;
		};
/* End PBXFrameworksBuildPhase section */

/* Begin PBXResourcesBuildPhase section */
		204 /* Resources */ = {
			isa = PBXResourcesBuildPhase;
			buildActionMask = 2147483647;
			files = (
			);
			runOnlyForDeploymentPostprocessing = 0;
		};
/* End PBXResourcesBuildPhase section */

/* Begin XCBuildConfiguration section */
		400 /* Debug */ = {
			isa = XCBuildConfiguration;
			buildSettings = {
				ALWAYS_SEARCH_USER_PATHS = NO;
				ASSETCATALOG_COMPILER_APPICON_NAME = AppIcon;
				CLANG_ANALYZER_NONNULL = YES;
				CLANG_ANALYZER_NUMBER_OBJECT_CONVERSION = YES_AGGRESSIVE;
				CLANG_CXX_LANGUAGE_STANDARD = "gnu++20";
				CLANG_ENABLE_MODULES = YES;
				CLANG_ENABLE_OBJC_ARC = YES;
				CLANG_ENABLE_OBJC_WEAK = YES;
				CLANG_WARN_BLOCK_CAPTURE_AUTORELEASING = YES;
				CLANG_WARN_BOOL_CONVERSION = YES;
				CLANG_WARN_COMMA = YES;
				CLANG_WARN_CONSTANT_CONVERSION = YES;
				CLANG_WARN_DEPRECATED_OBJC_IMPLEMENTATIONS = YES;
				CLANG_WARN_DIRECT_OBJC_ISA_USAGE = YES_ERROR;
				CLANG_WARN_DOCUMENTATION_COMMENTS = YES;
				CLANG_WARN_EMPTY_BODY = YES;
				CLANG_WARN_ENUM_CONVERSION = YES;
				CLANG_WARN_INFINITE_RECURSION = YES;
				CLANG_WARN_INT_CONVERSION = YES;
				CLANG_WARN_NON_LITERAL_NULL_CONVERSION = YES;
				CLANG_WARN_OBJC_IMPLICIT_RETAIN_SELF = YES;
				CLANG_WARN_OBJC_LITERAL_CONVERSION = YES;
				CLANG_WARN_OBJC_ROOT_CLASS = YES_ERROR;
				CLANG_WARN_QUOTED_INCLUDE_IN_FRAMEWORK_HEADER = YES;
				CLANG_WARN_RANGE_LOOP_ANALYSIS = YES;
				CLANG_WARN_STRICT_PROTOTYPES = YES;
				CLANG_WARN_SUSPICIOUS_MOVE = YES;
				CLANG_WARN_UNGUARDED_AVAILABILITY = YES_AGGRESSIVE;
				CLANG_WARN_UNREACHABLE_CODE = YES;
				CLANG_WARN__DUPLICATE_METHOD_MATCH = YES;
				CODE_SIGN_STYLE = Automatic;
				COMBINE_HIDPI_IMAGES = YES;
				COPY_PHASE_STRIP = NO;
				CURRENT_PROJECT_VERSION = 1;
				DEBUG_INFORMATION_FORMAT = dwarf;
				DEVELOPMENT_TEAM = "";
				ENABLE_HARDENED_RUNTIME = YES;
				ENABLE_STRICT_OBJC_MSGSEND = YES;
				ENABLE_TESTABILITY = YES;
				GCC_C_LANGUAGE_STANDARD = gnu11;
				GCC_DYNAMIC_NO_PIC = NO;
				GCC_NO_COMMON_BLOCKS = YES;
				GCC_OPTIMIZATION_LEVEL = 0;
				GCC_PREPROCESSOR_DEFINITIONS = (
					"DEBUG=1",
					"$(inherited)",
				);
				GCC_WARN_64_TO_32_BIT_CONVERSION = YES;
				GCC_WARN_ABOUT_RETURN_TYPE = YES_ERROR;
				GCC_WARN_UNDECLARED_SELECTOR = YES;
				GCC_WARN_UNINITIALIZED_AUTOS = YES_AGGRESSIVE;
				GCC_WARN_UNUSED_FUNCTION = YES;
				GCC_WARN_UNUSED_VARIABLE = YES;
				GENERATE_INFOPLIST_FILE = NO;
				INFOPLIST_FILE = MacroRecorder/Info.plist;
				INFOPLIST_KEY_LSApplicationCategoryType = "public.app-category.utilities";
				INFOPLIST_KEY_NSHumanReadableCopyright = "Copyright © 2024. All rights reserved.";
				INFOPLIST_KEY_NSMainStoryboardFile = "";
				INFOPLIST_KEY_NSPrincipalClass = NSApplication;
				LD_RUNPATH_SEARCH_PATHS = (
					"$(inherited)",
					"@executable_path/../Frameworks",
				);
				MACOSX_DEPLOYMENT_TARGET = 13.0;
				MARKETING_VERSION = 1.1.0;
				MTL_ENABLE_DEBUG_INFO = INCLUDE_SOURCE;
				MTL_FAST_MATH = YES;
				ONLY_ACTIVE_ARCH = YES;
				PRODUCT_BUNDLE_IDENTIFIER = com.macrorecorder.app;
				PRODUCT_NAME = "$(TARGET_NAME)";
				SDKROOT = macosx;
				SWIFT_ACTIVE_COMPILATION_CONDITIONS = DEBUG;
				SWIFT_OPTIMIZATION_LEVEL = "-Onone";
				SWIFT_VERSION = 5.0;
			};
			name = Debug;
		};
		401 /* Release */ = {
			isa = XCBuildConfiguration;
			buildSettings = {
				ALWAYS_SEARCH_USER_PATHS = NO;
				ASSETCATALOG_COMPILER_APPICON_NAME = AppIcon;
				CLANG_ANALYZER_NONNULL = YES;
				CLANG_ANALYZER_NUMBER_OBJECT_CONVERSION = YES_AGGRESSIVE;
				CLANG_CXX_LANGUAGE_STANDARD = "gnu++20";
				CLANG_ENABLE_MODULES = YES;
				CLANG_ENABLE_OBJC_ARC = YES;
				CLANG_ENABLE_OBJC_WEAK = YES;
				CLANG_WARN_BLOCK_CAPTURE_AUTORELEASING = YES;
				CLANG_WARN_BOOL_CONVERSION = YES;
				CLANG_WARN_COMMA = YES;
				CLANG_WARN_CONSTANT_CONVERSION = YES;
				CLANG_WARN_DEPRECATED_OBJC_IMPLEMENTATIONS = YES;
				CLANG_WARN_DIRECT_OBJC_ISA_USAGE = YES_ERROR;
				CLANG_WARN_DOCUMENTATION_COMMENTS = YES;
				CLANG_WARN_EMPTY_BODY = YES;
				CLANG_WARN_ENUM_CONVERSION = YES;
				CLANG_WARN_INFINITE_RECURSION = YES;
				CLANG_WARN_INT_CONVERSION = YES;
				CLANG_WARN_NON_LITERAL_NULL_CONVERSION = YES;
				CLANG_WARN_OBJC_IMPLICIT_RETAIN_SELF = YES;
				CLANG_WARN_OBJC_LITERAL_CONVERSION = YES;
				CLANG_WARN_OBJC_ROOT_CLASS = YES_ERROR;
				CLANG_WARN_QUOTED_INCLUDE_IN_FRAMEWORK_HEADER = YES;
				CLANG_WARN_RANGE_LOOP_ANALYSIS = YES;
				CLANG_WARN_STRICT_PROTOTYPES = YES;
				CLANG_WARN_SUSPICIOUS_MOVE = YES;
				CLANG_WARN_UNGUARDED_AVAILABILITY = YES_AGGRESSIVE;
				CLANG_WARN_UNREACHABLE_CODE = YES;
				CLANG_WARN__DUPLICATE_METHOD_MATCH = YES;
				CODE_SIGN_STYLE = Automatic;
				COMBINE_HIDPI_IMAGES = YES;
				COPY_PHASE_STRIP = NO;
				CURRENT_PROJECT_VERSION = 1;
				DEBUG_INFORMATION_FORMAT = "dwarf-with-dsym";
				DEVELOPMENT_TEAM = "";
				ENABLE_HARDENED_RUNTIME = YES;
				ENABLE_NS_ASSERTIONS = NO;
				ENABLE_STRICT_OBJC_MSGSEND = YES;
				GCC_C_LANGUAGE_STANDARD = gnu11;
				GCC_NO_COMMON_BLOCKS = YES;
				GCC_WARN_64_TO_32_BIT_CONVERSION = YES;
				GCC_WARN_ABOUT_RETURN_TYPE = YES_ERROR;
				GCC_WARN_UNDECLARED_SELECTOR = YES;
				GCC_WARN_UNINITIALIZED_AUTOS = YES_AGGRESSIVE;
				GCC_WARN_UNUSED_FUNCTION = YES;
				GCC_WARN_UNUSED_VARIABLE = YES;
				GENERATE_INFOPLIST_FILE = NO;
				INFOPLIST_FILE = MacroRecorder/Info.plist;
				INFOPLIST_KEY_LSApplicationCategoryType = "public.app-category.utilities";
				INFOPLIST_KEY_NSHumanReadableCopyright = "Copyright © 2024. All rights reserved.";
				INFOPLIST_KEY_NSMainStoryboardFile = "";
				INFOPLIST_KEY_NSPrincipalClass = NSApplication;
				LD_RUNPATH_SEARCH_PATHS = (
					"$(inherited)",
					"@executable_path/../Frameworks",
				);
				MACOSX_DEPLOYMENT_TARGET = 13.0;
				MARKETING_VERSION = 1.1.0;
				MTL_ENABLE_DEBUG_INFO = NO;
				MTL_FAST_MATH = YES;
				PRODUCT_BUNDLE_IDENTIFIER = com.macrorecorder.app;
				PRODUCT_NAME = "$(TARGET_NAME)";
				SDKROOT = macosx;
				SWIFT_COMPILATION_MODE = wholemodule;
				SWIFT_OPTIMIZATION_LEVEL = "-O";
				SWIFT_VERSION = 5.0;
			};
			name = Release;
		};
/* End XCBuildConfiguration section */

/* Begin XCConfigurationList section */
		201 /* Build configuration list for PBXNativeTarget "MacroRecorder" */ = {
			isa = XCConfigurationList;
			buildConfigurations = (
				400 /* Debug */,
				401 /* Release */,
			);
			defaultConfigurationIsVisible = 0;
			defaultConfigurationName = Release;
		};
		301 /* Build configuration list for PBXProject "MacroRecorder" */ = {
			isa = XCConfigurationList;
			buildConfigurations = (
				400 /* Debug */,
				401 /* Release */,
			);
			defaultConfigurationIsVisible = 0;
			defaultConfigurationName = Release;
		};
/* End XCConfigurationList section */
	};
	rootObject = 300 /* Project object */;
}
