// !$*UTF8*$!
{
	archiveVersion = 1;
	classes = {
	};
	objectVersion = 56;
	objects = {

/* Begin PBXFileReference section */
		001 /* MacroRecorderApp.swift */ = {isa = PBXFileReference; lastKnownFileType = sourcecode.swift; path = MacroRecorderApp.swift; sourceTree = "<group>"; };
		002 /* MacroEvent.swift */ = {isa = PBXFileReference; lastKnownFileType = sourcecode.swift; path = MacroEvent.swift; sourceTree = "<group>"; };
		003 /* EventRecorder.swift */ = {isa = PBXFileReference; lastKnownFileType = sourcecode.swift; path = EventRecorder.swift; sourceTree = "<group>"; };
		004 /* EventPlayer.swift */ = {isa = PBXFileReference; lastKnownFileType = sourcecode.swift; path = EventPlayer.swift; sourceTree = "<group>"; };
		005 /* MacroSession.swift */ = {isa = PBXFileReference; lastKnownFileType = sourcecode.swift; path = MacroSession.swift; sourceTree = "<group>"; };
		006 /* HotkeyManager.swift */ = {isa = PBXFileReference; lastKnownFileType = sourcecode.swift; path = HotkeyManager.swift; sourceTree = "<group>"; };
		007 /* ContentView.swift */ = {isa = PBXFileReference; lastKnownFileType = sourcecode.swift; path = ContentView.swift; sourceTree = "<group>"; };
		008 /* ControlsView.swift */ = {isa = PBXFileReference; lastKnownFileType = sourcecode.swift; path = ControlsView.swift; sourceTree = "<group>"; };
		009 /* EventListView.swift */ = {isa = PBXFileReference; lastKnownFileType = sourcecode.swift; path = EventListView.swift; sourceTree = "<group>"; };
		010 /* EventEditorView.swift */ = {isa = PBXFileReference; lastKnownFileType = sourcecode.swift; path = EventEditorView.swift; sourceTree = "<group>"; };
		011 /* MacroListView.swift */ = {isa = PBXFileReference; lastKnownFileType = sourcecode.swift; path = MacroListView.swift; sourceTree = "<group>"; };
		012 /* StatusBarView.swift */ = {isa = PBXFileReference; lastKnownFileType = sourcecode.swift; path = StatusBarView.swift; sourceTree = "<group>"; };
		013 /* PreferencesView.swift */ = {isa = PBXFileReference; lastKnownFileType = sourcecode.swift; path = PreferencesView.swift; sourceTree = "<group>"; };
		014 /* KeybindCaptureView.swift */ = {isa = PBXFileReference; lastKnownFileType = sourcecode.swift; path = KeybindCaptureView.swift; sourceTree = "<group>"; };
		017 /* StatusOverlayView.swift */ = {isa = PBXFileReference; lastKnownFileType = sourcecode.swift; path = StatusOverlayView.swift; sourceTree = "<group>"; };
		015 /* Info.plist */ = {isa = PBXFileReference; lastKnownFileType = text.plist.xml; path = Info.plist; sourceTree = "<group>"; };
		016 /* MacroRecorder.app */ = {isa = PBXFileReference; explicitFileType = wrapper.application; includeInIndex = 0; path = MacroRecorder.app; sourceTree = BUILT_PRODUCTS_DIR; };
/* End PBXFileReference section */

/* Begin PBXGroup section */
		100 = {
			isa = PBXGroup;
			children = (
				101 /* MacroRecorder */,
				102 /* Products */,
			);
			sourceTree = "<group>";
		};
		101 /* MacroRecorder */ = {
			isa = PBXGroup;
			children = (
				001 /* MacroRecorderApp.swift */,
				014 /* Info.plist */,
				103 /* Models */,
				104 /* Services */,
				105 /* Views */,
				106 /* Resources */,
			);
			path = MacroRecorder;
			sourceTree = "<group>";
		};
		102 /* Products */ = {
			isa = PBXGroup;
			children = (
				016 /* MacroRecorder.app */,
			);
			name = Products;
			sourceTree = "<group>";
		};
		103 /* Models */ = {
			isa = PBXGroup;
			children = (
				002 /* MacroEvent.swift */,
			);
			path = Models;
			sourceTree = "<group>";
		};
		104 /* Services */ = {
			isa = PBXGroup;
			children = (
				003 /* EventRecorder.swift */,
				004 /* EventPlayer.swift */,
				005 /* MacroSession.swift */,
				006 /* HotkeyManager.swift */,
			);
			path = Services;
			sourceTree = "<group>";
		};
		105 /* Views */ = {
			isa = PBXGroup;
			children = (
				007 /* ContentView.swift */,
				008 /* ControlsView.swift */,
				009 /* EventListView.swift */,
				010 /* EventEditorView.swift */,
				011 /* MacroListView.swift */,
				012 /* StatusBarView.swift */,
				017 /* StatusOverlayView.swift */,
				013 /* PreferencesView.swift */,
				014 /* KeybindCaptureView.swift */,
			);
			path = Views;
			sourceTree = "<group>";
		};
		106 /* Resources */ = {
			isa = PBXGroup;
			children = (
			);
			path = Resources;
			sourceTree = "<group>";
		};
/* End PBXGroup section */

/* Begin PBXNativeTarget section */
		200 /* MacroRecorder */ = {
			isa = PBXNativeTarget;
			buildConfigurationList = 201;
			buildPhases = (
				202 /* Sources */,
				203 /* Frameworks */,
				204 /* Resources */,
			);
			buildRules = (
			);
			dependencies = (
			);
			name = MacroRecorder;
			productName = MacroRecorder;
			productReference = 016 /* MacroRecorder.app */;
			productType = "com.apple.product-type.application";
		};
/* End PBXNativeTarget section */

/* Begin PBXProject section */
		300 /* Project object */ = {
			isa = PBXProject;
			attributes = {
				BuildIndependentTargetsInParallel = 1;
				LastSwiftUpdateCheck = 1500;
				LastUpgradeCheck = 1500;
				TargetAttributes = {
					200 = {
						CreatedOnToolsVersion = 15.0;
					};
				};
			};
			buildConfigurationList = 301;
			compatibilityVersion = "Xcode 14.0";
			developmentRegion = en;
			hasScannedForEncodings = 0;
			knownRegions = (
				en,
				Base,
			);
			mainGroup = 100;
			productRefGroup = 102 /* Products */;
			projectDirPath = "";
			projectRoot = "";
			targets = (
				200 /* MacroRecorder */,
			);
		};
/* End PBXProject section */

/* Begin PBXBuildFile section */
		501 /* MacroRecorderApp.swift in Sources */ = {isa = PBXBuildFile; fileRef = 001 /* MacroRecorderApp.swift */; };
		502 /* MacroEvent.swift in Sources */ = {isa = PBXBuildFile; fileRef = 002 /* MacroEvent.swift */; };
		503 /* EventRecorder.swift in Sources */ = {isa = PBXBuildFile; fileRef = 003 /* EventRecorder.swift */; };
		504 /* EventPlayer.swift in Sources */ = {isa = PBXBuildFile; fileRef = 004 /* EventPlayer.swift */; };
		505 /* MacroSession.swift in Sources */ = {isa = PBXBuildFile; fileRef = 005 /* MacroSession.swift */; };
		506 /* HotkeyManager.swift in Sources */ = {isa = PBXBuildFile; fileRef = 006 /* HotkeyManager.swift */; };
		507 /* ContentView.swift in Sources */ = {isa = PBXBuildFile; fileRef = 007 /* ContentView.swift */; };
		508 /* ControlsView.swift in Sources */ = {isa = PBXBuildFile; fileRef = 008 /* ControlsView.swift */; };
		509 /* EventListView.swift in Sources */ = {isa = PBXBuildFile; fileRef = 009 /* EventListView.swift */; };
		510 /* EventEditorView.swift in Sources */ = {isa = PBXBuildFile; fileRef = 010 /* EventEditorView.swift */; };
		511 /* MacroListView.swift in Sources */ = {isa = PBXBuildFile; fileRef = 011 /* MacroListView.swift */; };
		512 /* StatusBarView.swift in Sources */ = {isa = PBXBuildFile; fileRef = 012 /* StatusBarView.swift */; };
		514 /* StatusOverlayView.swift in Sources */ = {isa = PBXBuildFile; fileRef = 017 /* StatusOverlayView.swift */; };
		513 /* PreferencesView.swift in Sources */ = {isa = PBXBuildFile; fileRef = 013 /* PreferencesView.swift */; };
/* End PBXBuildFile section */

/* Begin PBXSourcesBuildPhase section */
		202 /* Sources */ = {
			isa = PBXSourcesBuildPhase;
			buildActionMask = 2147483647;
			files = (
				501 /* MacroRecorderApp.swift in Sources */,
				502 /* MacroEvent.swift in Sources */,
				503 /* EventRecorder.swift in Sources */,
				504 /* EventPlayer.swift in Sources */,
				505 /* MacroSession.swift in Sources */,
				506 /* HotkeyManager.swift in Sources */,
				507 /* ContentView.swift in Sources */,
				508 /* ControlsView.swift in Sources */,
				509 /* EventListView.swift in Sources */,
				510 /* EventEditorView.swift in Sources */,
				511 /* MacroListView.swift in Sources */,
				512 /* StatusBarView.swift in Sources */,
				514 /* StatusOverlayView.swift in Sources */,
				513 /* PreferencesView.swift in Sources */,
			);
			runOnlyForDeploymentPostprocessing = 0;
		};
/* End PBXSourcesBuildPhase section */

/* Begin PBXFrameworksBuildPhase section */
		203 /* Frameworks */ = {
			isa = PBXFrameworksBuildPhase;
			buildActionMask = 2147483647;
			files = (
			);
			runOnlyForDeploymentPostprocessing = 0;
		};
/* End PBXFrameworksBuildPhase section */

/* Begin PBXResourcesBuildPhase section */
		204 /* Resources */ = {
			isa = PBXResourcesBuildPhase;
			buildActionMask = 2147483647;
			files = (
			);
			runOnlyForDeploymentPostprocessing = 0;
		};
/* End PBXResourcesBuildPhase section */

/* Begin XCBuildConfiguration section */
		400 /* Debug */ = {
			isa = XCBuildConfiguration;
			buildSettings = {
				ALWAYS_SEARCH_USER_PATHS = NO;
				ASSETCATALOG_COMPILER_APPICON_NAME = AppIcon;
				CLANG_ANALYZER_NONNULL = YES;
				CLANG_ANALYZER_NUMBER_OBJECT_CONVERSION = YES_AGGRESSIVE;
				CLANG_CXX_LANGUAGE_STANDARD = "gnu++20";
				CLANG_ENABLE_MODULES = YES;
				CLANG_ENABLE_OBJC_ARC = YES;
				CLANG_ENABLE_OBJC_WEAK = YES;
				CLANG_WARN_BLOCK_CAPTURE_AUTORELEASING = YES;
				CLANG_WARN_BOOL_CONVERSION = YES;
				CLANG_WARN_COMMA = YES;
				CLANG_WARN_CONSTANT_CONVERSION = YES;
				CLANG_WARN_DEPRECATED_OBJC_IMPLEMENTATIONS = YES;
				CLANG_WARN_DIRECT_OBJC_ISA_USAGE = YES_ERROR;
				CLANG_WARN_DOCUMENTATION_COMMENTS = YES;
				CLANG_WARN_EMPTY_BODY = YES;
				CLANG_WARN_ENUM_CONVERSION = YES;
				CLANG_WARN_INFINITE_RECURSION = YES;
				CLANG_WARN_INT_CONVERSION = YES;
				CLANG_WARN_NON_LITERAL_NULL_CONVERSION = YES;
				CLANG_WARN_OBJC_IMPLICIT_RETAIN_SELF = YES;
				CLANG_WARN_OBJC_LITERAL_CONVERSION = YES;
				CLANG_WARN_OBJC_ROOT_CLASS = YES_ERROR;
				CLANG_WARN_QUOTED_INCLUDE_IN_FRAMEWORK_HEADER = YES;
				CLANG_WARN_RANGE_LOOP_ANALYSIS = YES;
				CLANG_WARN_STRICT_PROTOTYPES = YES;
				CLANG_WARN_SUSPICIOUS_MOVE = YES;
				CLANG_WARN_UNGUARDED_AVAILABILITY = YES_AGGRESSIVE;
				CLANG_WARN_UNREACHABLE_CODE = YES;
				CLANG_WARN__DUPLICATE_METHOD_MATCH = YES;
				CODE_SIGN_STYLE = Automatic;
				COMBINE_HIDPI_IMAGES = YES;
				COPY_PHASE_STRIP = NO;
				CURRENT_PROJECT_VERSION = 1;
				DEBUG_INFORMATION_FORMAT = dwarf;
				DEVELOPMENT_TEAM = "";
				ENABLE_HARDENED_RUNTIME = YES;
				ENABLE_STRICT_OBJC_MSGSEND = YES;
				ENABLE_TESTABILITY = YES;
				GCC_C_LANGUAGE_STANDARD = gnu11;
				GCC_DYNAMIC_NO_PIC = NO;
				GCC_NO_COMMON_BLOCKS = YES;
				GCC_OPTIMIZATION_LEVEL = 0;
				GCC_PREPROCESSOR_DEFINITIONS = (
					"DEBUG=1",
					"$(inherited)",
				);
				GCC_WARN_64_TO_32_BIT_CONVERSION = YES;
				GCC_WARN_ABOUT_RETURN_TYPE = YES_ERROR;
				GCC_WARN_UNDECLARED_SELECTOR = YES;
				GCC_WARN_UNINITIALIZED_AUTOS = YES_AGGRESSIVE;
				GCC_WARN_UNUSED_FUNCTION = YES;
				GCC_WARN_UNUSED_VARIABLE = YES;
				GENERATE_INFOPLIST_FILE = NO;
				INFOPLIST_FILE = MacroRecorder/Info.plist;
				INFOPLIST_KEY_LSApplicationCategoryType = "public.app-category.utilities";
				INFOPLIST_KEY_NSHumanReadableCopyright = "Copyright © 2024. All rights reserved.";
				INFOPLIST_KEY_NSMainStoryboardFile = "";
				INFOPLIST_KEY_NSPrincipalClass = NSApplication;
				LD_RUNPATH_SEARCH_PATHS = (
					"$(inherited)",
					"@executable_path/../Frameworks",
				);
				MACOSX_DEPLOYMENT_TARGET = 13.0;
				MARKETING_VERSION = 1.0.1;
				MTL_ENABLE_DEBUG_INFO = INCLUDE_SOURCE;
				MTL_FAST_MATH = YES;
				ONLY_ACTIVE_ARCH = YES;
				PRODUCT_BUNDLE_IDENTIFIER = com.macrorecorder.app;
				PRODUCT_NAME = "$(TARGET_NAME)";
				SDKROOT = macosx;
				SWIFT_ACTIVE_COMPILATION_CONDITIONS = DEBUG;
				SWIFT_OPTIMIZATION_LEVEL = "-Onone";
				SWIFT_VERSION = 5.0;
			};
			name = Debug;
		};
		401 /* Release */ = {
			isa = XCBuildConfiguration;
			buildSettings = {
				ALWAYS_SEARCH_USER_PATHS = NO;
				ASSETCATALOG_COMPILER_APPICON_NAME = AppIcon;
				CLANG_ANALYZER_NONNULL = YES;
				CLANG_ANALYZER_NUMBER_OBJECT_CONVERSION = YES_AGGRESSIVE;
				CLANG_CXX_LANGUAGE_STANDARD = "gnu++20";
				CLANG_ENABLE_MODULES = YES;
				CLANG_ENABLE_OBJC_ARC = YES;
				CLANG_ENABLE_OBJC_WEAK = YES;
				CLANG_WARN_BLOCK_CAPTURE_AUTORELEASING = YES;
				CLANG_WARN_BOOL_CONVERSION = YES;
				CLANG_WARN_COMMA = YES;
				CLANG_WARN_CONSTANT_CONVERSION = YES;
				CLANG_WARN_DEPRECATED_OBJC_IMPLEMENTATIONS = YES;
				CLANG_WARN_DIRECT_OBJC_ISA_USAGE = YES_ERROR;
				CLANG_WARN_DOCUMENTATION_COMMENTS = YES;
				CLANG_WARN_EMPTY_BODY = YES;
				CLANG_WARN_ENUM_CONVERSION = YES;
				CLANG_WARN_INFINITE_RECURSION = YES;
				CLANG_WARN_INT_CONVERSION = YES;
				CLANG_WARN_NON_LITERAL_NULL_CONVERSION = YES;
				CLANG_WARN_OBJC_IMPLICIT_RETAIN_SELF = YES;
				CLANG_WARN_OBJC_LITERAL_CONVERSION = YES;
				CLANG_WARN_OBJC_ROOT_CLASS = YES_ERROR;
				CLANG_WARN_QUOTED_INCLUDE_IN_FRAMEWORK_HEADER = YES;
				CLANG_WARN_RANGE_LOOP_ANALYSIS = YES;
				CLANG_WARN_STRICT_PROTOTYPES = YES;
				CLANG_WARN_SUSPICIOUS_MOVE = YES;
				CLANG_WARN_UNGUARDED_AVAILABILITY = YES_AGGRESSIVE;
				CLANG_WARN_UNREACHABLE_CODE = YES;
				CLANG_WARN__DUPLICATE_METHOD_MATCH = YES;
				CODE_SIGN_STYLE = Automatic;
				COMBINE_HIDPI_IMAGES = YES;
				COPY_PHASE_STRIP = NO;
				CURRENT_PROJECT_VERSION = 1;
				DEBUG_INFORMATION_FORMAT = "dwarf-with-dsym";
				DEVELOPMENT_TEAM = "";
				ENABLE_HARDENED_RUNTIME = YES;
				ENABLE_NS_ASSERTIONS = NO;
				ENABLE_STRICT_OBJC_MSGSEND = YES;
				GCC_C_LANGUAGE_STANDARD = gnu11;
				GCC_NO_COMMON_BLOCKS = YES;
				GCC_WARN_64_TO_32_BIT_CONVERSION = YES;
				GCC_WARN_ABOUT_RETURN_TYPE = YES_ERROR;
				GCC_WARN_UNDECLARED_SELECTOR = YES;
				GCC_WARN_UNINITIALIZED_AUTOS = YES_AGGRESSIVE;
				GCC_WARN_UNUSED_FUNCTION = YES;
				GCC_WARN_UNUSED_VARIABLE = YES;
				GENERATE_INFOPLIST_FILE = NO;
				INFOPLIST_FILE = MacroRecorder/Info.plist;
				INFOPLIST_KEY_LSApplicationCategoryType = "public.app-category.utilities";
				INFOPLIST_KEY_NSHumanReadableCopyright = "Copyright © 2024. All rights reserved.";
				INFOPLIST_KEY_NSMainStoryboardFile = "";
				INFOPLIST_KEY_NSPrincipalClass = NSApplication;
				LD_RUNPATH_SEARCH_PATHS = (
					"$(inherited)",
					"@executable_path/../Frameworks",
				);
				MACOSX_DEPLOYMENT_TARGET = 13.0;
				MARKETING_VERSION = 1.0.1;
				MTL_ENABLE_DEBUG_INFO = NO;
				MTL_FAST_MATH = YES;
				PRODUCT_BUNDLE_IDENTIFIER = com.macrorecorder.app;
				PRODUCT_NAME = "$(TARGET_NAME)";
				SDKROOT = macosx;
				SWIFT_COMPILATION_MODE = wholemodule;
				SWIFT_OPTIMIZATION_LEVEL = "-O";
				SWIFT_VERSION = 5.0;
			};
			name = Release;
		};
/* End XCBuildConfiguration section */

/* Begin XCConfigurationList section */
		201 /* Build configuration list for PBXNativeTarget "MacroRecorder" */ = {
			isa = XCConfigurationList;
			buildConfigurations = (
				400 /* Debug */,
				401 /* Release */,
			);
			defaultConfigurationIsVisible = 0;
			defaultConfigurationName = Release;
		};
		301 /* Build configuration list for PBXProject "MacroRecorder" */ = {
			isa = XCConfigurationList;
			buildConfigurations = (
				400 /* Debug */,
				401 /* Release */,
			);
			defaultConfigurationIsVisible = 0;
			defaultConfigurationName = Release;
		};
/* End XCConfigurationList section */
	};
	rootObject = 300 /* Project object */;
}
